
Microsoft Visual Studio Solution File, Format Version 12.00
# Visual Studio Version 17
VisualStudioVersion = 17.3.32929.385
MinimumVisualStudioVersion = 10.0.40219.1
Project("{FAE04EC0-301F-11D3-BF4B-00C04F79EFBC}") = "Mckinney_CourseProject_CEIS209", "Mckinney_CourseProject_CEIS209.csproj", "{AE20D089-5BD7-4995-8858-31EDBEA7D14A}"
EndProject
Global
	GlobalSection(SolutionConfigurationPlatforms) = preSolution
		Debug|Any CPU = Debug|Any CPU
		Release|Any CPU = Release|Any CPU
	EndGlobalSection
	GlobalSection(ProjectConfigurationPlatforms) = postSolution
		{AE20D089-5BD7-4995-8858-31EDBEA7D14A}.Debug|Any CPU.ActiveCfg = Debug|Any CPU
		{AE20D089-5BD7-4995-8858-31EDBEA7D14A}.Debug|Any CPU.Build.0 = Debug|Any CPU
		{AE20D089-5BD7-4995-8858-31EDBEA7D14A}.Release|Any CPU.ActiveCfg = Release|Any CPU
		{AE20D089-5BD7-4995-8858-31EDBEA7D14A}.Release|Any CPU.Build.0 = Release|Any CPU
	EndGlobalSection
	GlobalSection(SolutionProperties) = preSolution
		HideSolutionNode = FALSE
	EndGlobalSection
	GlobalSection(ExtensibilityGlobals) = postSolution
		SolutionGuid = {36EBC952-D48A-43E7-B69B-C76502CC3757}
	EndGlobalSection
EndGlobal
